# This file is generated by running "yarn install" inside your project.
# Manual changes might be lost - proceed with caution!

__metadata:
  version: 8
  cacheKey: 10c0

"create-tstyche@workspace:.":
  version: 0.0.0-use.local
  resolution: "create-tstyche@workspace:."
  bin:
    create-tstyche: ./create-tstyche.js
  languageName: unknown
  linkType: soft
